PODS:
  - Alamofire (4.9.1)
  - CHIOTPField/Two (0.1.0)
  - GoogleWebRTC (1.1.31999)
  - IdentifyIOS (0.1.0):
    - Alamofire (~> 4.9.1)
    - GoogleWebRTC
    - NFCPassportReader
    - Starscream (~> 3.0.2)
  - IQKeyboardManagerSwift (6.5.6)
  - NFCPassportReader (1.1.4):
    - OpenSSL-Universal (= 1.1.180)
  - OpenSSL-Universal (1.1.180)
  - QKMRZParser (1.0.1)
  - Starscream (3.0.6)
  - SwiftSignatureView (3.2.0)

DEPENDENCIES:
  - CHIOTPField/Two
  - IdentifyIOS (from `../`)
  - IQKeyboardManagerSwift
  - QKMRZParser
  - SwiftSignatureView

SPEC REPOS:
  trunk:
    - Alamofire
    - CHIOTPField
    - GoogleWebRTC
    - IQKeyboardManagerSwift
    - NFCPassportReader
    - OpenSSL-Universal
    - QKMRZParser
    - Starscream
    - SwiftSignatureView

EXTERNAL SOURCES:
  IdentifyIOS:
    :path: "../"

SPEC CHECKSUMS:
  Alamofire: 85e8a02c69d6020a0d734f6054870d7ecb75cf18
  CHIOTPField: 5df19b433ccfad2a80e944d3abde128a236aaf01
  GoogleWebRTC: b39a78c4f5cc6b0323415b9233db03a2faa7b0f0
  IdentifyIOS: 8222dae7d5129f9e68e408a88510cda819de1f54
  IQKeyboardManagerSwift: c7df9d2deb356c04522f5c4b7b6e4ce4d8ed94fe
  NFCPassportReader: 582c9bc9f56207d3cb16c643668c565ee5923d8b
  OpenSSL-Universal: 1aa4f6a6ee7256b83db99ec1ccdaa80d10f9af9b
  QKMRZParser: 07921dbffa7e4064406113731bc0f1f5e6210bce
  Starscream: ef3ece99d765eeccb67de105bfa143f929026cf5
  SwiftSignatureView: cd8cca297cc2ca6a6c174da22fb908c33d03d3c0

PODFILE CHECKSUM: 4e03cdc12173a3046d6d7c7577f216385166ca7c

COCOAPODS: 1.10.1
