// !$*UTF8*$!
{
	archiveVersion = 1;
	classes = {
	};
	objectVersion = 46;
	objects = {

/* Begin PBXBuildFile section */
		4821A7A3266F9E990037331F /* Pods_IdentifyIOS_Example.framework in Frameworks */ = {isa = PBXBuildFile; fileRef = 42915053037019BA13A23EF5 /* Pods_IdentifyIOS_Example.framework */; };
		4821A7AA266F9EC30037331F /* Pods_IdentifyIOS_Example.framework in Frameworks */ = {isa = PBXBuildFile; fileRef = 4821A7A9266F9EC30037331F /* Pods_IdentifyIOS_Example.framework */; };
		4867114C266FABF500743FAD /* SDKModulesListViewController.xib in Resources */ = {isa = PBXBuildFile; fileRef = 4867111C266FABF500743FAD /* SDKModulesListViewController.xib */; };
		4867114D266FABF500743FAD /* SDKModulesListViewController.swift in Sources */ = {isa = PBXBuildFile; fileRef = 4867111D266FABF500743FAD /* SDKModulesListViewController.swift */; };
		4867114E266FABF500743FAD /* CallScreenViewController.swift in Sources */ = {isa = PBXBuildFile; fileRef = 4867111F266FABF500743FAD /* CallScreenViewController.swift */; };
		4867114F266FABF500743FAD /* CallScreenViewController.xib in Resources */ = {isa = PBXBuildFile; fileRef = 48671120266FABF500743FAD /* CallScreenViewController.xib */; };
		48671150266FABF500743FAD /* SDKSignatureViewController.xib in Resources */ = {isa = PBXBuildFile; fileRef = 48671122266FABF500743FAD /* SDKSignatureViewController.xib */; };
		48671151266FABF500743FAD /* SDKSignatureViewController.swift in Sources */ = {isa = PBXBuildFile; fileRef = 48671123266FABF500743FAD /* SDKSignatureViewController.swift */; };
		48671152266FABF500743FAD /* SmsScreenViewController.xib in Resources */ = {isa = PBXBuildFile; fileRef = 48671125266FABF500743FAD /* SmsScreenViewController.xib */; };
		48671153266FABF500743FAD /* OneTimeExt.swift in Sources */ = {isa = PBXBuildFile; fileRef = 48671126266FABF500743FAD /* OneTimeExt.swift */; };
		48671154266FABF500743FAD /* SmsScreenViewController.swift in Sources */ = {isa = PBXBuildFile; fileRef = 48671127266FABF500743FAD /* SmsScreenViewController.swift */; };
		48671155266FABF500743FAD /* PreviewView.swift in Sources */ = {isa = PBXBuildFile; fileRef = 48671129266FABF500743FAD /* PreviewView.swift */; };
		48671156266FABF500743FAD /* VisionViewController.swift in Sources */ = {isa = PBXBuildFile; fileRef = 4867112A266FABF500743FAD /* VisionViewController.swift */; };
		48671157266FABF500743FAD /* StringUtils.swift in Sources */ = {isa = PBXBuildFile; fileRef = 4867112B266FABF500743FAD /* StringUtils.swift */; };
		48671158266FABF500743FAD /* KYC.storyboard in Resources */ = {isa = PBXBuildFile; fileRef = 4867112C266FABF500743FAD /* KYC.storyboard */; };
		48671159266FABF500743FAD /* SDKMrzViewController.swift in Sources */ = {isa = PBXBuildFile; fileRef = 4867112D266FABF500743FAD /* SDKMrzViewController.swift */; };
		4867115A266FABF500743FAD /* SmileViewController.swift in Sources */ = {isa = PBXBuildFile; fileRef = 48671130266FABF500743FAD /* SmileViewController.swift */; };
		4867115B266FABF500743FAD /* SmileViewController.xib in Resources */ = {isa = PBXBuildFile; fileRef = 48671131266FABF500743FAD /* SmileViewController.xib */; };
		4867115C266FABF500743FAD /* SDKNfcViewController.swift in Sources */ = {isa = PBXBuildFile; fileRef = 48671133266FABF500743FAD /* SDKNfcViewController.swift */; };
		4867115D266FABF500743FAD /* SDKNfcViewController.xib in Resources */ = {isa = PBXBuildFile; fileRef = 48671134266FABF500743FAD /* SDKNfcViewController.xib */; };
		4867115E266FABF500743FAD /* UserDefaults.swift in Sources */ = {isa = PBXBuildFile; fileRef = 48671135266FABF500743FAD /* UserDefaults.swift */; };
		4867115F266FABF500743FAD /* SDKCallWaitScreenController.swift in Sources */ = {isa = PBXBuildFile; fileRef = 48671137266FABF500743FAD /* SDKCallWaitScreenController.swift */; };
		48671160266FABF500743FAD /* SDKCallWaitScreenController.xib in Resources */ = {isa = PBXBuildFile; fileRef = 48671138266FABF500743FAD /* SDKCallWaitScreenController.xib */; };
		48671161266FABF500743FAD /* SDKLoginViewController.swift in Sources */ = {isa = PBXBuildFile; fileRef = 4867113A266FABF500743FAD /* SDKLoginViewController.swift */; };
		48671162266FABF500743FAD /* SDKLoginViewController.xib in Resources */ = {isa = PBXBuildFile; fileRef = 4867113B266FABF500743FAD /* SDKLoginViewController.xib */; };
		48671163266FABF500743FAD /* SDKOnBoardingDetailViewController.swift in Sources */ = {isa = PBXBuildFile; fileRef = 4867113E266FABF500743FAD /* SDKOnBoardingDetailViewController.swift */; };
		48671164266FABF500743FAD /* SDKOnBoardingDetailViewController.xib in Resources */ = {isa = PBXBuildFile; fileRef = 4867113F266FABF500743FAD /* SDKOnBoardingDetailViewController.xib */; };
		48671165266FABF500743FAD /* SDKPopUpActionViewController.swift in Sources */ = {isa = PBXBuildFile; fileRef = 48671140266FABF500743FAD /* SDKPopUpActionViewController.swift */; };
		48671166266FABF500743FAD /* SDKOnBoardingViewController.xib in Resources */ = {isa = PBXBuildFile; fileRef = 48671142266FABF500743FAD /* SDKOnBoardingViewController.xib */; };
		48671167266FABF500743FAD /* SDKOnBoardingViewController.swift in Sources */ = {isa = PBXBuildFile; fileRef = 48671143266FABF500743FAD /* SDKOnBoardingViewController.swift */; };
		48671168266FABF500743FAD /* SDKBaseViewController.swift in Sources */ = {isa = PBXBuildFile; fileRef = 48671144266FABF500743FAD /* SDKBaseViewController.swift */; };
		48671169266FABF500743FAD /* SDKSoundRecognitionViewController.xib in Resources */ = {isa = PBXBuildFile; fileRef = 48671146266FABF500743FAD /* SDKSoundRecognitionViewController.xib */; };
		4867116A266FABF500743FAD /* SDKSoundRecognitionViewController.swift in Sources */ = {isa = PBXBuildFile; fileRef = 48671147266FABF500743FAD /* SDKSoundRecognitionViewController.swift */; };
		4867116B266FABF500743FAD /* Design.swift in Sources */ = {isa = PBXBuildFile; fileRef = 48671148266FABF500743FAD /* Design.swift */; };
		4867116C266FABF500743FAD /* SDKSelfieViewController.swift in Sources */ = {isa = PBXBuildFile; fileRef = 4867114A266FABF500743FAD /* SDKSelfieViewController.swift */; };
		4867116D266FABF500743FAD /* SDKSelfieViewController.xib in Resources */ = {isa = PBXBuildFile; fileRef = 4867114B266FABF500743FAD /* SDKSelfieViewController.xib */; };
		4887C437268D9B82008AEA79 /* identifytr.cer in Resources */ = {isa = PBXBuildFile; fileRef = 4887C435268D9B77008AEA79 /* identifytr.cer */; };
		48BEF2942670FDBB00822E5A /* SDKPermissionsViewController.swift in Sources */ = {isa = PBXBuildFile; fileRef = 48BEF2922670FDBB00822E5A /* SDKPermissionsViewController.swift */; };
		48BEF2952670FDBB00822E5A /* SDKPermissionsViewController.xib in Resources */ = {isa = PBXBuildFile; fileRef = 48BEF2932670FDBB00822E5A /* SDKPermissionsViewController.xib */; };
		48BEF29726710BDA00822E5A /* Colors.xcassets in Resources */ = {isa = PBXBuildFile; fileRef = 48BEF29626710BDA00822E5A /* Colors.xcassets */; };
		48FF1A122678FBB8003F7851 /* UIUtilities.swift in Sources */ = {isa = PBXBuildFile; fileRef = 48FF1A0F2678FBB8003F7851 /* UIUtilities.swift */; };
		48FF1A132678FBB8003F7851 /* HumanVerificationViewController.swift in Sources */ = {isa = PBXBuildFile; fileRef = 48FF1A102678FBB8003F7851 /* HumanVerificationViewController.swift */; };
		48FF1A142678FBB8003F7851 /* HumanVerificationViewController.xib in Resources */ = {isa = PBXBuildFile; fileRef = 48FF1A112678FBB8003F7851 /* HumanVerificationViewController.xib */; };
		607FACD61AFB9204008FA782 /* AppDelegate.swift in Sources */ = {isa = PBXBuildFile; fileRef = 607FACD51AFB9204008FA782 /* AppDelegate.swift */; };
		607FACD81AFB9204008FA782 /* ViewController.swift in Sources */ = {isa = PBXBuildFile; fileRef = 607FACD71AFB9204008FA782 /* ViewController.swift */; };
		607FACDB1AFB9204008FA782 /* Main.storyboard in Resources */ = {isa = PBXBuildFile; fileRef = 607FACD91AFB9204008FA782 /* Main.storyboard */; };
		607FACDD1AFB9204008FA782 /* Images.xcassets in Resources */ = {isa = PBXBuildFile; fileRef = 607FACDC1AFB9204008FA782 /* Images.xcassets */; };
		607FACE01AFB9204008FA782 /* LaunchScreen.xib in Resources */ = {isa = PBXBuildFile; fileRef = 607FACDE1AFB9204008FA782 /* LaunchScreen.xib */; };
		607FACEC1AFB9204008FA782 /* Tests.swift in Sources */ = {isa = PBXBuildFile; fileRef = 607FACEB1AFB9204008FA782 /* Tests.swift */; };
		60A7C0971A547590C4A238BD /* Pods_IdentifyIOS_Tests.framework in Frameworks */ = {isa = PBXBuildFile; fileRef = 2341B4BC304E1B51AE9B0299 /* Pods_IdentifyIOS_Tests.framework */; };
/* End PBXBuildFile section */

/* Begin PBXContainerItemProxy section */
		607FACE61AFB9204008FA782 /* PBXContainerItemProxy */ = {
			isa = PBXContainerItemProxy;
			containerPortal = 607FACC81AFB9204008FA782 /* Project object */;
			proxyType = 1;
			remoteGlobalIDString = 607FACCF1AFB9204008FA782;
			remoteInfo = IdentifyIOS;
		};
/* End PBXContainerItemProxy section */

/* Begin PBXFileReference section */
		0200F35752AC93564B1E1B97 /* LICENSE */ = {isa = PBXFileReference; includeInIndex = 1; lastKnownFileType = text; name = LICENSE; path = ../LICENSE; sourceTree = "<group>"; };
		07CD712F76A7D9969C967BF2 /* Pods-IdentifyIOS_Example.debug.xcconfig */ = {isa = PBXFileReference; includeInIndex = 1; lastKnownFileType = text.xcconfig; name = "Pods-IdentifyIOS_Example.debug.xcconfig"; path = "Target Support Files/Pods-IdentifyIOS_Example/Pods-IdentifyIOS_Example.debug.xcconfig"; sourceTree = "<group>"; };
		2341B4BC304E1B51AE9B0299 /* Pods_IdentifyIOS_Tests.framework */ = {isa = PBXFileReference; explicitFileType = wrapper.framework; includeInIndex = 0; path = Pods_IdentifyIOS_Tests.framework; sourceTree = BUILT_PRODUCTS_DIR; };
		38BE7C41026499EB70D7E712 /* Pods-IdentifyIOS_Tests.release.xcconfig */ = {isa = PBXFileReference; includeInIndex = 1; lastKnownFileType = text.xcconfig; name = "Pods-IdentifyIOS_Tests.release.xcconfig"; path = "Target Support Files/Pods-IdentifyIOS_Tests/Pods-IdentifyIOS_Tests.release.xcconfig"; sourceTree = "<group>"; };
		42915053037019BA13A23EF5 /* Pods_IdentifyIOS_Example.framework */ = {isa = PBXFileReference; explicitFileType = wrapper.framework; includeInIndex = 0; path = Pods_IdentifyIOS_Example.framework; sourceTree = BUILT_PRODUCTS_DIR; };
		4821A7A6266F9EAD0037331F /* IdentifyIOS.framework */ = {isa = PBXFileReference; explicitFileType = wrapper.framework; path = IdentifyIOS.framework; sourceTree = BUILT_PRODUCTS_DIR; };
		4821A7A9266F9EC30037331F /* Pods_IdentifyIOS_Example.framework */ = {isa = PBXFileReference; explicitFileType = wrapper.framework; path = Pods_IdentifyIOS_Example.framework; sourceTree = BUILT_PRODUCTS_DIR; };
		4867111C266FABF500743FAD /* SDKModulesListViewController.xib */ = {isa = PBXFileReference; fileEncoding = 4; lastKnownFileType = file.xib; path = SDKModulesListViewController.xib; sourceTree = "<group>"; };
		4867111D266FABF500743FAD /* SDKModulesListViewController.swift */ = {isa = PBXFileReference; fileEncoding = 4; lastKnownFileType = sourcecode.swift; path = SDKModulesListViewController.swift; sourceTree = "<group>"; };
		4867111F266FABF500743FAD /* CallScreenViewController.swift */ = {isa = PBXFileReference; fileEncoding = 4; lastKnownFileType = sourcecode.swift; path = CallScreenViewController.swift; sourceTree = "<group>"; };
		48671120266FABF500743FAD /* CallScreenViewController.xib */ = {isa = PBXFileReference; fileEncoding = 4; lastKnownFileType = file.xib; path = CallScreenViewController.xib; sourceTree = "<group>"; };
		48671122266FABF500743FAD /* SDKSignatureViewController.xib */ = {isa = PBXFileReference; fileEncoding = 4; lastKnownFileType = file.xib; path = SDKSignatureViewController.xib; sourceTree = "<group>"; };
		48671123266FABF500743FAD /* SDKSignatureViewController.swift */ = {isa = PBXFileReference; fileEncoding = 4; lastKnownFileType = sourcecode.swift; path = SDKSignatureViewController.swift; sourceTree = "<group>"; };
		48671125266FABF500743FAD /* SmsScreenViewController.xib */ = {isa = PBXFileReference; fileEncoding = 4; lastKnownFileType = file.xib; path = SmsScreenViewController.xib; sourceTree = "<group>"; };
		48671126266FABF500743FAD /* OneTimeExt.swift */ = {isa = PBXFileReference; fileEncoding = 4; lastKnownFileType = sourcecode.swift; path = OneTimeExt.swift; sourceTree = "<group>"; };
		48671127266FABF500743FAD /* SmsScreenViewController.swift */ = {isa = PBXFileReference; fileEncoding = 4; lastKnownFileType = sourcecode.swift; path = SmsScreenViewController.swift; sourceTree = "<group>"; };
		48671129266FABF500743FAD /* PreviewView.swift */ = {isa = PBXFileReference; fileEncoding = 4; lastKnownFileType = sourcecode.swift; path = PreviewView.swift; sourceTree = "<group>"; };
		4867112A266FABF500743FAD /* VisionViewController.swift */ = {isa = PBXFileReference; fileEncoding = 4; lastKnownFileType = sourcecode.swift; path = VisionViewController.swift; sourceTree = "<group>"; };
		4867112B266FABF500743FAD /* StringUtils.swift */ = {isa = PBXFileReference; fileEncoding = 4; lastKnownFileType = sourcecode.swift; path = StringUtils.swift; sourceTree = "<group>"; };
		4867112C266FABF500743FAD /* KYC.storyboard */ = {isa = PBXFileReference; fileEncoding = 4; lastKnownFileType = file.storyboard; path = KYC.storyboard; sourceTree = "<group>"; };
		4867112D266FABF500743FAD /* SDKMrzViewController.swift */ = {isa = PBXFileReference; fileEncoding = 4; lastKnownFileType = sourcecode.swift; path = SDKMrzViewController.swift; sourceTree = "<group>"; };
		48671130266FABF500743FAD /* SmileViewController.swift */ = {isa = PBXFileReference; fileEncoding = 4; lastKnownFileType = sourcecode.swift; path = SmileViewController.swift; sourceTree = "<group>"; };
		48671131266FABF500743FAD /* SmileViewController.xib */ = {isa = PBXFileReference; fileEncoding = 4; lastKnownFileType = file.xib; path = SmileViewController.xib; sourceTree = "<group>"; };
		48671133266FABF500743FAD /* SDKNfcViewController.swift */ = {isa = PBXFileReference; fileEncoding = 4; lastKnownFileType = sourcecode.swift; path = SDKNfcViewController.swift; sourceTree = "<group>"; };
		48671134266FABF500743FAD /* SDKNfcViewController.xib */ = {isa = PBXFileReference; fileEncoding = 4; lastKnownFileType = file.xib; path = SDKNfcViewController.xib; sourceTree = "<group>"; };
		48671135266FABF500743FAD /* UserDefaults.swift */ = {isa = PBXFileReference; fileEncoding = 4; lastKnownFileType = sourcecode.swift; path = UserDefaults.swift; sourceTree = "<group>"; };
		48671137266FABF500743FAD /* SDKCallWaitScreenController.swift */ = {isa = PBXFileReference; fileEncoding = 4; lastKnownFileType = sourcecode.swift; path = SDKCallWaitScreenController.swift; sourceTree = "<group>"; };
		48671138266FABF500743FAD /* SDKCallWaitScreenController.xib */ = {isa = PBXFileReference; fileEncoding = 4; lastKnownFileType = file.xib; path = SDKCallWaitScreenController.xib; sourceTree = "<group>"; };
		4867113A266FABF500743FAD /* SDKLoginViewController.swift */ = {isa = PBXFileReference; fileEncoding = 4; lastKnownFileType = sourcecode.swift; path = SDKLoginViewController.swift; sourceTree = "<group>"; };
		4867113B266FABF500743FAD /* SDKLoginViewController.xib */ = {isa = PBXFileReference; fileEncoding = 4; lastKnownFileType = file.xib; path = SDKLoginViewController.xib; sourceTree = "<group>"; };
		4867113E266FABF500743FAD /* SDKOnBoardingDetailViewController.swift */ = {isa = PBXFileReference; fileEncoding = 4; lastKnownFileType = sourcecode.swift; path = SDKOnBoardingDetailViewController.swift; sourceTree = "<group>"; };
		4867113F266FABF500743FAD /* SDKOnBoardingDetailViewController.xib */ = {isa = PBXFileReference; fileEncoding = 4; lastKnownFileType = file.xib; path = SDKOnBoardingDetailViewController.xib; sourceTree = "<group>"; };
		48671140266FABF500743FAD /* SDKPopUpActionViewController.swift */ = {isa = PBXFileReference; fileEncoding = 4; lastKnownFileType = sourcecode.swift; path = SDKPopUpActionViewController.swift; sourceTree = "<group>"; };
		48671142266FABF500743FAD /* SDKOnBoardingViewController.xib */ = {isa = PBXFileReference; fileEncoding = 4; lastKnownFileType = file.xib; path = SDKOnBoardingViewController.xib; sourceTree = "<group>"; };
		48671143266FABF500743FAD /* SDKOnBoardingViewController.swift */ = {isa = PBXFileReference; fileEncoding = 4; lastKnownFileType = sourcecode.swift; path = SDKOnBoardingViewController.swift; sourceTree = "<group>"; };
		48671144266FABF500743FAD /* SDKBaseViewController.swift */ = {isa = PBXFileReference; fileEncoding = 4; lastKnownFileType = sourcecode.swift; path = SDKBaseViewController.swift; sourceTree = "<group>"; };
		48671146266FABF500743FAD /* SDKSoundRecognitionViewController.xib */ = {isa = PBXFileReference; fileEncoding = 4; lastKnownFileType = file.xib; path = SDKSoundRecognitionViewController.xib; sourceTree = "<group>"; };
		48671147266FABF500743FAD /* SDKSoundRecognitionViewController.swift */ = {isa = PBXFileReference; fileEncoding = 4; lastKnownFileType = sourcecode.swift; path = SDKSoundRecognitionViewController.swift; sourceTree = "<group>"; };
		48671148266FABF500743FAD /* Design.swift */ = {isa = PBXFileReference; fileEncoding = 4; lastKnownFileType = sourcecode.swift; path = Design.swift; sourceTree = "<group>"; };
		4867114A266FABF500743FAD /* SDKSelfieViewController.swift */ = {isa = PBXFileReference; fileEncoding = 4; lastKnownFileType = sourcecode.swift; path = SDKSelfieViewController.swift; sourceTree = "<group>"; };
		4867114B266FABF500743FAD /* SDKSelfieViewController.xib */ = {isa = PBXFileReference; fileEncoding = 4; lastKnownFileType = file.xib; path = SDKSelfieViewController.xib; sourceTree = "<group>"; };
		48671269266FAEED00743FAD /* CHIOTPField.framework */ = {isa = PBXFileReference; explicitFileType = wrapper.framework; path = CHIOTPField.framework; sourceTree = BUILT_PRODUCTS_DIR; };
		4867126A266FAEED00743FAD /* IQKeyboardManagerSwift.framework */ = {isa = PBXFileReference; explicitFileType = wrapper.framework; path = IQKeyboardManagerSwift.framework; sourceTree = BUILT_PRODUCTS_DIR; };
		4867126B266FAEED00743FAD /* QKMRZParser.framework */ = {isa = PBXFileReference; explicitFileType = wrapper.framework; path = QKMRZParser.framework; sourceTree = BUILT_PRODUCTS_DIR; };
		4867126C266FAEED00743FAD /* SwiftSignatureView.framework */ = {isa = PBXFileReference; explicitFileType = wrapper.framework; path = SwiftSignatureView.framework; sourceTree = BUILT_PRODUCTS_DIR; };
		4887C435268D9B77008AEA79 /* identifytr.cer */ = {isa = PBXFileReference; lastKnownFileType = file; path = identifytr.cer; sourceTree = "<group>"; };
		48BEF2902670F5C300822E5A /* IdentifyIOS_Example.entitlements */ = {isa = PBXFileReference; lastKnownFileType = text.plist.entitlements; path = IdentifyIOS_Example.entitlements; sourceTree = "<group>"; };
		48BEF2922670FDBB00822E5A /* SDKPermissionsViewController.swift */ = {isa = PBXFileReference; lastKnownFileType = sourcecode.swift; path = SDKPermissionsViewController.swift; sourceTree = "<group>"; };
		48BEF2932670FDBB00822E5A /* SDKPermissionsViewController.xib */ = {isa = PBXFileReference; lastKnownFileType = file.xib; path = SDKPermissionsViewController.xib; sourceTree = "<group>"; };
		48BEF29626710BDA00822E5A /* Colors.xcassets */ = {isa = PBXFileReference; lastKnownFileType = folder.assetcatalog; path = Colors.xcassets; sourceTree = "<group>"; };
		48FF1A0F2678FBB8003F7851 /* UIUtilities.swift */ = {isa = PBXFileReference; fileEncoding = 4; lastKnownFileType = sourcecode.swift; path = UIUtilities.swift; sourceTree = "<group>"; };
		48FF1A102678FBB8003F7851 /* HumanVerificationViewController.swift */ = {isa = PBXFileReference; fileEncoding = 4; lastKnownFileType = sourcecode.swift; path = HumanVerificationViewController.swift; sourceTree = "<group>"; };
		48FF1A112678FBB8003F7851 /* HumanVerificationViewController.xib */ = {isa = PBXFileReference; fileEncoding = 4; lastKnownFileType = file.xib; path = HumanVerificationViewController.xib; sourceTree = "<group>"; };
		607FACD01AFB9204008FA782 /* IdentifyIOS_Example.app */ = {isa = PBXFileReference; explicitFileType = wrapper.application; includeInIndex = 0; path = IdentifyIOS_Example.app; sourceTree = BUILT_PRODUCTS_DIR; };
		607FACD41AFB9204008FA782 /* Info.plist */ = {isa = PBXFileReference; lastKnownFileType = text.plist.xml; path = Info.plist; sourceTree = "<group>"; };
		607FACD51AFB9204008FA782 /* AppDelegate.swift */ = {isa = PBXFileReference; lastKnownFileType = sourcecode.swift; path = AppDelegate.swift; sourceTree = "<group>"; };
		607FACD71AFB9204008FA782 /* ViewController.swift */ = {isa = PBXFileReference; lastKnownFileType = sourcecode.swift; path = ViewController.swift; sourceTree = "<group>"; };
		607FACDA1AFB9204008FA782 /* Base */ = {isa = PBXFileReference; lastKnownFileType = file.storyboard; name = Base; path = Base.lproj/Main.storyboard; sourceTree = "<group>"; };
		607FACDC1AFB9204008FA782 /* Images.xcassets */ = {isa = PBXFileReference; lastKnownFileType = folder.assetcatalog; path = Images.xcassets; sourceTree = "<group>"; };
		607FACDF1AFB9204008FA782 /* Base */ = {isa = PBXFileReference; lastKnownFileType = file.xib; name = Base; path = Base.lproj/LaunchScreen.xib; sourceTree = "<group>"; };
		607FACE51AFB9204008FA782 /* IdentifyIOS_Tests.xctest */ = {isa = PBXFileReference; explicitFileType = wrapper.cfbundle; includeInIndex = 0; path = IdentifyIOS_Tests.xctest; sourceTree = BUILT_PRODUCTS_DIR; };
		607FACEA1AFB9204008FA782 /* Info.plist */ = {isa = PBXFileReference; lastKnownFileType = text.plist.xml; path = Info.plist; sourceTree = "<group>"; };
		607FACEB1AFB9204008FA782 /* Tests.swift */ = {isa = PBXFileReference; lastKnownFileType = sourcecode.swift; path = Tests.swift; sourceTree = "<group>"; };
		67CC0FF3DD135F90259EF09E /* README.md */ = {isa = PBXFileReference; includeInIndex = 1; lastKnownFileType = net.daringfireball.markdown; name = README.md; path = ../README.md; sourceTree = "<group>"; };
		7DEED7152956480D5849A3E1 /* Pods-IdentifyIOS_Tests.debug.xcconfig */ = {isa = PBXFileReference; includeInIndex = 1; lastKnownFileType = text.xcconfig; name = "Pods-IdentifyIOS_Tests.debug.xcconfig"; path = "Target Support Files/Pods-IdentifyIOS_Tests/Pods-IdentifyIOS_Tests.debug.xcconfig"; sourceTree = "<group>"; };
		B57EC47A85643117C7EEF061 /* IdentifyIOS.podspec */ = {isa = PBXFileReference; includeInIndex = 1; lastKnownFileType = text; name = IdentifyIOS.podspec; path = ../IdentifyIOS.podspec; sourceTree = "<group>"; xcLanguageSpecificationIdentifier = xcode.lang.ruby; };
		C1DCD41F10D439961FFCC5A8 /* Pods-IdentifyIOS_Example.release.xcconfig */ = {isa = PBXFileReference; includeInIndex = 1; lastKnownFileType = text.xcconfig; name = "Pods-IdentifyIOS_Example.release.xcconfig"; path = "Target Support Files/Pods-IdentifyIOS_Example/Pods-IdentifyIOS_Example.release.xcconfig"; sourceTree = "<group>"; };
/* End PBXFileReference section */

/* Begin PBXFrameworksBuildPhase section */
		607FACCD1AFB9204008FA782 /* Frameworks */ = {
			isa = PBXFrameworksBuildPhase;
			buildActionMask = 2147483647;
			files = (
				4821A7AA266F9EC30037331F /* Pods_IdentifyIOS_Example.framework in Frameworks */,
				4821A7A3266F9E990037331F /* Pods_IdentifyIOS_Example.framework in Frameworks */,
			);
			runOnlyForDeploymentPostprocessing = 0;
		};
		607FACE21AFB9204008FA782 /* Frameworks */ = {
			isa = PBXFrameworksBuildPhase;
			buildActionMask = 2147483647;
			files = (
				60A7C0971A547590C4A238BD /* Pods_IdentifyIOS_Tests.framework in Frameworks */,
			);
			runOnlyForDeploymentPostprocessing = 0;
		};
/* End PBXFrameworksBuildPhase section */

/* Begin PBXGroup section */
		4867111A266FABF500743FAD /* Views */ = {
			isa = PBXGroup;
			children = (
				48FF1A0E2678FBA1003F7851 /* New - Human Verification */,
				48BEF2912670FD5A00822E5A /* Permissions */,
				4867111B266FABF500743FAD /* Modules List */,
				4867111E266FABF500743FAD /* CallScreen */,
				48671121266FABF500743FAD /* Signature */,
				48671124266FABF500743FAD /* Sms */,
				48671128266FABF500743FAD /* MRZ2 */,
				4867112E266FABF500743FAD /* Smiley */,
				48671132266FABF500743FAD /* NFC */,
				48671135266FABF500743FAD /* UserDefaults.swift */,
				48671136266FABF500743FAD /* Call Wait Screen */,
				48671139266FABF500743FAD /* Login */,
				4867113C266FABF500743FAD /* Onboarding */,
				48671144266FABF500743FAD /* SDKBaseViewController.swift */,
				48671145266FABF500743FAD /* Sound Recognition */,
				48671148266FABF500743FAD /* Design.swift */,
				48671149266FABF500743FAD /* SelfieCameraView */,
			);
			path = Views;
			sourceTree = "<group>";
		};
		4867111B266FABF500743FAD /* Modules List */ = {
			isa = PBXGroup;
			children = (
				4867111C266FABF500743FAD /* SDKModulesListViewController.xib */,
				4867111D266FABF500743FAD /* SDKModulesListViewController.swift */,
			);
			path = "Modules List";
			sourceTree = "<group>";
		};
		4867111E266FABF500743FAD /* CallScreen */ = {
			isa = PBXGroup;
			children = (
				4867111F266FABF500743FAD /* CallScreenViewController.swift */,
				48671120266FABF500743FAD /* CallScreenViewController.xib */,
			);
			path = CallScreen;
			sourceTree = "<group>";
		};
		48671121266FABF500743FAD /* Signature */ = {
			isa = PBXGroup;
			children = (
				48671122266FABF500743FAD /* SDKSignatureViewController.xib */,
				48671123266FABF500743FAD /* SDKSignatureViewController.swift */,
			);
			path = Signature;
			sourceTree = "<group>";
		};
		48671124266FABF500743FAD /* Sms */ = {
			isa = PBXGroup;
			children = (
				48671125266FABF500743FAD /* SmsScreenViewController.xib */,
				48671126266FABF500743FAD /* OneTimeExt.swift */,
				48671127266FABF500743FAD /* SmsScreenViewController.swift */,
			);
			path = Sms;
			sourceTree = "<group>";
		};
		48671128266FABF500743FAD /* MRZ2 */ = {
			isa = PBXGroup;
			children = (
				48671129266FABF500743FAD /* PreviewView.swift */,
				4867112A266FABF500743FAD /* VisionViewController.swift */,
				4867112B266FABF500743FAD /* StringUtils.swift */,
				4867112C266FABF500743FAD /* KYC.storyboard */,
				4867112D266FABF500743FAD /* SDKMrzViewController.swift */,
			);
			path = MRZ2;
			sourceTree = "<group>";
		};
		4867112E266FABF500743FAD /* Smiley */ = {
			isa = PBXGroup;
			children = (
				4867112F266FABF500743FAD /* True Depth */,
			);
			path = Smiley;
			sourceTree = "<group>";
		};
		4867112F266FABF500743FAD /* True Depth */ = {
			isa = PBXGroup;
			children = (
				48671130266FABF500743FAD /* SmileViewController.swift */,
				48671131266FABF500743FAD /* SmileViewController.xib */,
			);
			path = "True Depth";
			sourceTree = "<group>";
		};
		48671132266FABF500743FAD /* NFC */ = {
			isa = PBXGroup;
			children = (
				48671133266FABF500743FAD /* SDKNfcViewController.swift */,
				48671134266FABF500743FAD /* SDKNfcViewController.xib */,
			);
			path = NFC;
			sourceTree = "<group>";
		};
		48671136266FABF500743FAD /* Call Wait Screen */ = {
			isa = PBXGroup;
			children = (
				48671137266FABF500743FAD /* SDKCallWaitScreenController.swift */,
				48671138266FABF500743FAD /* SDKCallWaitScreenController.xib */,
			);
			path = "Call Wait Screen";
			sourceTree = "<group>";
		};
		48671139266FABF500743FAD /* Login */ = {
			isa = PBXGroup;
			children = (
				4867113A266FABF500743FAD /* SDKLoginViewController.swift */,
				4867113B266FABF500743FAD /* SDKLoginViewController.xib */,
			);
			path = Login;
			sourceTree = "<group>";
		};
		4867113C266FABF500743FAD /* Onboarding */ = {
			isa = PBXGroup;
			children = (
				4867113D266FABF500743FAD /* PageDetail */,
				48671140266FABF500743FAD /* SDKPopUpActionViewController.swift */,
				48671141266FABF500743FAD /* Root */,
			);
			path = Onboarding;
			sourceTree = "<group>";
		};
		4867113D266FABF500743FAD /* PageDetail */ = {
			isa = PBXGroup;
			children = (
				4867113E266FABF500743FAD /* SDKOnBoardingDetailViewController.swift */,
				4867113F266FABF500743FAD /* SDKOnBoardingDetailViewController.xib */,
			);
			path = PageDetail;
			sourceTree = "<group>";
		};
		48671141266FABF500743FAD /* Root */ = {
			isa = PBXGroup;
			children = (
				48671142266FABF500743FAD /* SDKOnBoardingViewController.xib */,
				48671143266FABF500743FAD /* SDKOnBoardingViewController.swift */,
			);
			path = Root;
			sourceTree = "<group>";
		};
		48671145266FABF500743FAD /* Sound Recognition */ = {
			isa = PBXGroup;
			children = (
				48671146266FABF500743FAD /* SDKSoundRecognitionViewController.xib */,
				48671147266FABF500743FAD /* SDKSoundRecognitionViewController.swift */,
			);
			path = "Sound Recognition";
			sourceTree = "<group>";
		};
		48671149266FABF500743FAD /* SelfieCameraView */ = {
			isa = PBXGroup;
			children = (
				4867114A266FABF500743FAD /* SDKSelfieViewController.swift */,
				4867114B266FABF500743FAD /* SDKSelfieViewController.xib */,
			);
			path = SelfieCameraView;
			sourceTree = "<group>";
		};
		48BEF2912670FD5A00822E5A /* Permissions */ = {
			isa = PBXGroup;
			children = (
				48BEF2922670FDBB00822E5A /* SDKPermissionsViewController.swift */,
				48BEF2932670FDBB00822E5A /* SDKPermissionsViewController.xib */,
			);
			path = Permissions;
			sourceTree = "<group>";
		};
		48FF1A0E2678FBA1003F7851 /* New - Human Verification */ = {
			isa = PBXGroup;
			children = (
				48FF1A102678FBB8003F7851 /* HumanVerificationViewController.swift */,
				48FF1A112678FBB8003F7851 /* HumanVerificationViewController.xib */,
				48FF1A0F2678FBB8003F7851 /* UIUtilities.swift */,
			);
			path = "New - Human Verification";
			sourceTree = "<group>";
		};
		607FACC71AFB9204008FA782 = {
			isa = PBXGroup;
			children = (
				48BEF2902670F5C300822E5A /* IdentifyIOS_Example.entitlements */,
				607FACF51AFB993E008FA782 /* Podspec Metadata */,
				607FACD21AFB9204008FA782 /* Example for IdentifyIOS */,
				607FACE81AFB9204008FA782 /* Tests */,
				607FACD11AFB9204008FA782 /* Products */,
				7AADA5F1EE5C4D689997C81D /* Pods */,
				898640468D43904C04CB2A83 /* Frameworks */,
			);
			sourceTree = "<group>";
		};
		607FACD11AFB9204008FA782 /* Products */ = {
			isa = PBXGroup;
			children = (
				607FACD01AFB9204008FA782 /* IdentifyIOS_Example.app */,
				607FACE51AFB9204008FA782 /* IdentifyIOS_Tests.xctest */,
			);
			name = Products;
			sourceTree = "<group>";
		};
		607FACD21AFB9204008FA782 /* Example for IdentifyIOS */ = {
			isa = PBXGroup;
			children = (
				4867111A266FABF500743FAD /* Views */,
				607FACD51AFB9204008FA782 /* AppDelegate.swift */,
				4887C435268D9B77008AEA79 /* identifytr.cer */,
				607FACD71AFB9204008FA782 /* ViewController.swift */,
				607FACD91AFB9204008FA782 /* Main.storyboard */,
				607FACDC1AFB9204008FA782 /* Images.xcassets */,
				48BEF29626710BDA00822E5A /* Colors.xcassets */,
				607FACDE1AFB9204008FA782 /* LaunchScreen.xib */,
				607FACD31AFB9204008FA782 /* Supporting Files */,
			);
			name = "Example for IdentifyIOS";
			path = IdentifyIOS;
			sourceTree = "<group>";
		};
		607FACD31AFB9204008FA782 /* Supporting Files */ = {
			isa = PBXGroup;
			children = (
				607FACD41AFB9204008FA782 /* Info.plist */,
			);
			name = "Supporting Files";
			sourceTree = "<group>";
		};
		607FACE81AFB9204008FA782 /* Tests */ = {
			isa = PBXGroup;
			children = (
				607FACEB1AFB9204008FA782 /* Tests.swift */,
				607FACE91AFB9204008FA782 /* Supporting Files */,
			);
			path = Tests;
			sourceTree = "<group>";
		};
		607FACE91AFB9204008FA782 /* Supporting Files */ = {
			isa = PBXGroup;
			children = (
				607FACEA1AFB9204008FA782 /* Info.plist */,
			);
			name = "Supporting Files";
			sourceTree = "<group>";
		};
		607FACF51AFB993E008FA782 /* Podspec Metadata */ = {
			isa = PBXGroup;
			children = (
				B57EC47A85643117C7EEF061 /* IdentifyIOS.podspec */,
				67CC0FF3DD135F90259EF09E /* README.md */,
				0200F35752AC93564B1E1B97 /* LICENSE */,
			);
			name = "Podspec Metadata";
			sourceTree = "<group>";
		};
		7AADA5F1EE5C4D689997C81D /* Pods */ = {
			isa = PBXGroup;
			children = (
				07CD712F76A7D9969C967BF2 /* Pods-IdentifyIOS_Example.debug.xcconfig */,
				C1DCD41F10D439961FFCC5A8 /* Pods-IdentifyIOS_Example.release.xcconfig */,
				7DEED7152956480D5849A3E1 /* Pods-IdentifyIOS_Tests.debug.xcconfig */,
				38BE7C41026499EB70D7E712 /* Pods-IdentifyIOS_Tests.release.xcconfig */,
			);
			path = Pods;
			sourceTree = "<group>";
		};
		898640468D43904C04CB2A83 /* Frameworks */ = {
			isa = PBXGroup;
			children = (
				48671269266FAEED00743FAD /* CHIOTPField.framework */,
				4867126A266FAEED00743FAD /* IQKeyboardManagerSwift.framework */,
				4867126B266FAEED00743FAD /* QKMRZParser.framework */,
				4867126C266FAEED00743FAD /* SwiftSignatureView.framework */,
				4821A7A9266F9EC30037331F /* Pods_IdentifyIOS_Example.framework */,
				4821A7A6266F9EAD0037331F /* IdentifyIOS.framework */,
				42915053037019BA13A23EF5 /* Pods_IdentifyIOS_Example.framework */,
				2341B4BC304E1B51AE9B0299 /* Pods_IdentifyIOS_Tests.framework */,
			);
			name = Frameworks;
			sourceTree = "<group>";
		};
/* End PBXGroup section */

/* Begin PBXNativeTarget section */
		607FACCF1AFB9204008FA782 /* IdentifyIOS_Example */ = {
			isa = PBXNativeTarget;
			buildConfigurationList = 607FACEF1AFB9204008FA782 /* Build configuration list for PBXNativeTarget "IdentifyIOS_Example" */;
			buildPhases = (
				FD969EF9D642D7D9A42149A8 /* [CP] Check Pods Manifest.lock */,
				607FACCC1AFB9204008FA782 /* Sources */,
				607FACCD1AFB9204008FA782 /* Frameworks */,
				607FACCE1AFB9204008FA782 /* Resources */,
				8F34D05CD0967B0D5F862058 /* [CP] Embed Pods Frameworks */,
				37D8F9CC6AE6BE99A8B94824 /* [CP] Copy Pods Resources */,
			);
			buildRules = (
			);
			dependencies = (
			);
			name = IdentifyIOS_Example;
			productName = IdentifyIOS;
			productReference = 607FACD01AFB9204008FA782 /* IdentifyIOS_Example.app */;
			productType = "com.apple.product-type.application";
		};
		607FACE41AFB9204008FA782 /* IdentifyIOS_Tests */ = {
			isa = PBXNativeTarget;
			buildConfigurationList = 607FACF21AFB9204008FA782 /* Build configuration list for PBXNativeTarget "IdentifyIOS_Tests" */;
			buildPhases = (
				9C90015D9A1B11BFC97417E7 /* [CP] Check Pods Manifest.lock */,
				607FACE11AFB9204008FA782 /* Sources */,
				607FACE21AFB9204008FA782 /* Frameworks */,
				607FACE31AFB9204008FA782 /* Resources */,
			);
			buildRules = (
			);
			dependencies = (
				607FACE71AFB9204008FA782 /* PBXTargetDependency */,
			);
			name = IdentifyIOS_Tests;
			productName = Tests;
			productReference = 607FACE51AFB9204008FA782 /* IdentifyIOS_Tests.xctest */;
			productType = "com.apple.product-type.bundle.unit-test";
		};
/* End PBXNativeTarget section */

/* Begin PBXProject section */
		607FACC81AFB9204008FA782 /* Project object */ = {
			isa = PBXProject;
			attributes = {
				LastSwiftUpdateCheck = 0830;
				LastUpgradeCheck = 0830;
				ORGANIZATIONNAME = CocoaPods;
				TargetAttributes = {
					607FACCF1AFB9204008FA782 = {
						CreatedOnToolsVersion = 6.3.1;
						DevelopmentTeam = TQUQ2HQ482;
						LastSwiftMigration = 0900;
					};
					607FACE41AFB9204008FA782 = {
						CreatedOnToolsVersion = 6.3.1;
						DevelopmentTeam = TQUQ2HQ482;
						LastSwiftMigration = 0900;
						TestTargetID = 607FACCF1AFB9204008FA782;
					};
				};
			};
			buildConfigurationList = 607FACCB1AFB9204008FA782 /* Build configuration list for PBXProject "IdentifyIOS" */;
			compatibilityVersion = "Xcode 3.2";
			developmentRegion = English;
			hasScannedForEncodings = 0;
			knownRegions = (
				English,
				en,
				Base,
			);
			mainGroup = 607FACC71AFB9204008FA782;
			productRefGroup = 607FACD11AFB9204008FA782 /* Products */;
			projectDirPath = "";
			projectRoot = "";
			targets = (
				607FACCF1AFB9204008FA782 /* IdentifyIOS_Example */,
				607FACE41AFB9204008FA782 /* IdentifyIOS_Tests */,
			);
		};
/* End PBXProject section */

/* Begin PBXResourcesBuildPhase section */
		607FACCE1AFB9204008FA782 /* Resources */ = {
			isa = PBXResourcesBuildPhase;
			buildActionMask = 2147483647;
			files = (
				607FACDB1AFB9204008FA782 /* Main.storyboard in Resources */,
				48671162266FABF500743FAD /* SDKLoginViewController.xib in Resources */,
				48671160266FABF500743FAD /* SDKCallWaitScreenController.xib in Resources */,
				607FACE01AFB9204008FA782 /* LaunchScreen.xib in Resources */,
				48671169266FABF500743FAD /* SDKSoundRecognitionViewController.xib in Resources */,
				4867116D266FABF500743FAD /* SDKSelfieViewController.xib in Resources */,
				48671150266FABF500743FAD /* SDKSignatureViewController.xib in Resources */,
				4867114F266FABF500743FAD /* CallScreenViewController.xib in Resources */,
				48BEF2952670FDBB00822E5A /* SDKPermissionsViewController.xib in Resources */,
				48BEF29726710BDA00822E5A /* Colors.xcassets in Resources */,
				48FF1A142678FBB8003F7851 /* HumanVerificationViewController.xib in Resources */,
				48671158266FABF500743FAD /* KYC.storyboard in Resources */,
				48671152266FABF500743FAD /* SmsScreenViewController.xib in Resources */,
				4867115B266FABF500743FAD /* SmileViewController.xib in Resources */,
				4867115D266FABF500743FAD /* SDKNfcViewController.xib in Resources */,
				48671166266FABF500743FAD /* SDKOnBoardingViewController.xib in Resources */,
				4887C437268D9B82008AEA79 /* identifytr.cer in Resources */,
				4867114C266FABF500743FAD /* SDKModulesListViewController.xib in Resources */,
				607FACDD1AFB9204008FA782 /* Images.xcassets in Resources */,
				48671164266FABF500743FAD /* SDKOnBoardingDetailViewController.xib in Resources */,
			);
			runOnlyForDeploymentPostprocessing = 0;
		};
		607FACE31AFB9204008FA782 /* Resources */ = {
			isa = PBXResourcesBuildPhase;
			buildActionMask = 2147483647;
			files = (
			);
			runOnlyForDeploymentPostprocessing = 0;
		};
/* End PBXResourcesBuildPhase section */

/* Begin PBXShellScriptBuildPhase section */
		37D8F9CC6AE6BE99A8B94824 /* [CP] Copy Pods Resources */ = {
			isa = PBXShellScriptBuildPhase;
			buildActionMask = 2147483647;
			files = (
			);
			inputPaths = (
				"${PODS_ROOT}/Target Support Files/Pods-IdentifyIOS_Example/Pods-IdentifyIOS_Example-resources.sh",
				"${PODS_CONFIGURATION_BUILD_DIR}/MLKitFaceDetection/GoogleMVFaceDetectorResources.bundle",
			);
			name = "[CP] Copy Pods Resources";
			outputPaths = (
				"${TARGET_BUILD_DIR}/${UNLOCALIZED_RESOURCES_FOLDER_PATH}/GoogleMVFaceDetectorResources.bundle",
			);
			runOnlyForDeploymentPostprocessing = 0;
			shellPath = /bin/sh;
			shellScript = "\"${PODS_ROOT}/Target Support Files/Pods-IdentifyIOS_Example/Pods-IdentifyIOS_Example-resources.sh\"\n";
			showEnvVarsInLog = 0;
		};
		8F34D05CD0967B0D5F862058 /* [CP] Embed Pods Frameworks */ = {
			isa = PBXShellScriptBuildPhase;
			buildActionMask = 2147483647;
			files = (
			);
			inputPaths = (
				"${PODS_ROOT}/Target Support Files/Pods-IdentifyIOS_Example/Pods-IdentifyIOS_Example-frameworks.sh",
				"${BUILT_PRODUCTS_DIR}/Alamofire/Alamofire.framework",
				"${BUILT_PRODUCTS_DIR}/CHIOTPField/CHIOTPField.framework",
				"${BUILT_PRODUCTS_DIR}/GTMSessionFetcher/GTMSessionFetcher.framework",
				"${BUILT_PRODUCTS_DIR}/GoogleDataTransport/GoogleDataTransport.framework",
				"${BUILT_PRODUCTS_DIR}/GoogleToolboxForMac/GoogleToolboxForMac.framework",
				"${BUILT_PRODUCTS_DIR}/GoogleUtilities/GoogleUtilities.framework",
				"${PODS_ROOT}/GoogleWebRTC/Frameworks/frameworks/WebRTC.framework",
				"${BUILT_PRODUCTS_DIR}/IQKeyboardManagerSwift/IQKeyboardManagerSwift.framework",
				"${BUILT_PRODUCTS_DIR}/IdentifyIOS/IdentifyIOS.framework",
				"${BUILT_PRODUCTS_DIR}/NFCPassportReader/NFCPassportReader.framework",
				"${BUILT_PRODUCTS_DIR}/PromisesObjC/FBLPromises.framework",
				"${BUILT_PRODUCTS_DIR}/Protobuf/Protobuf.framework",
				"${BUILT_PRODUCTS_DIR}/QKMRZParser/QKMRZParser.framework",
				"${BUILT_PRODUCTS_DIR}/Starscream/Starscream.framework",
				"${BUILT_PRODUCTS_DIR}/SwiftSignatureView/SwiftSignatureView.framework",
				"${BUILT_PRODUCTS_DIR}/nanopb/nanopb.framework",
				"${PODS_XCFRAMEWORKS_BUILD_DIR}/OpenSSL/OpenSSL.framework/OpenSSL",
			);
			name = "[CP] Embed Pods Frameworks";
			outputPaths = (
				"${TARGET_BUILD_DIR}/${FRAMEWORKS_FOLDER_PATH}/Alamofire.framework",
				"${TARGET_BUILD_DIR}/${FRAMEWORKS_FOLDER_PATH}/CHIOTPField.framework",
				"${TARGET_BUILD_DIR}/${FRAMEWORKS_FOLDER_PATH}/GTMSessionFetcher.framework",
				"${TARGET_BUILD_DIR}/${FRAMEWORKS_FOLDER_PATH}/GoogleDataTransport.framework",
				"${TARGET_BUILD_DIR}/${FRAMEWORKS_FOLDER_PATH}/GoogleToolboxForMac.framework",
				"${TARGET_BUILD_DIR}/${FRAMEWORKS_FOLDER_PATH}/GoogleUtilities.framework",
				"${TARGET_BUILD_DIR}/${FRAMEWORKS_FOLDER_PATH}/WebRTC.framework",
				"${TARGET_BUILD_DIR}/${FRAMEWORKS_FOLDER_PATH}/IQKeyboardManagerSwift.framework",
				"${TARGET_BUILD_DIR}/${FRAMEWORKS_FOLDER_PATH}/IdentifyIOS.framework",
				"${TARGET_BUILD_DIR}/${FRAMEWORKS_FOLDER_PATH}/NFCPassportReader.framework",
				"${TARGET_BUILD_DIR}/${FRAMEWORKS_FOLDER_PATH}/FBLPromises.framework",
				"${TARGET_BUILD_DIR}/${FRAMEWORKS_FOLDER_PATH}/Protobuf.framework",
				"${TARGET_BUILD_DIR}/${FRAMEWORKS_FOLDER_PATH}/QKMRZParser.framework",
				"${TARGET_BUILD_DIR}/${FRAMEWORKS_FOLDER_PATH}/Starscream.framework",
				"${TARGET_BUILD_DIR}/${FRAMEWORKS_FOLDER_PATH}/SwiftSignatureView.framework",
				"${TARGET_BUILD_DIR}/${FRAMEWORKS_FOLDER_PATH}/nanopb.framework",
				"${TARGET_BUILD_DIR}/${FRAMEWORKS_FOLDER_PATH}/OpenSSL.framework",
			);
			runOnlyForDeploymentPostprocessing = 0;
			shellPath = /bin/sh;
			shellScript = "\"${PODS_ROOT}/Target Support Files/Pods-IdentifyIOS_Example/Pods-IdentifyIOS_Example-frameworks.sh\"\n";
			showEnvVarsInLog = 0;
		};
		9C90015D9A1B11BFC97417E7 /* [CP] Check Pods Manifest.lock */ = {
			isa = PBXShellScriptBuildPhase;
			buildActionMask = 2147483647;
			files = (
			);
			inputFileListPaths = (
			);
			inputPaths = (
				"${PODS_PODFILE_DIR_PATH}/Podfile.lock",
				"${PODS_ROOT}/Manifest.lock",
			);
			name = "[CP] Check Pods Manifest.lock";
			outputFileListPaths = (
			);
			outputPaths = (
				"$(DERIVED_FILE_DIR)/Pods-IdentifyIOS_Tests-checkManifestLockResult.txt",
			);
			runOnlyForDeploymentPostprocessing = 0;
			shellPath = /bin/sh;
			shellScript = "diff \"${PODS_PODFILE_DIR_PATH}/Podfile.lock\" \"${PODS_ROOT}/Manifest.lock\" > /dev/null\nif [ $? != 0 ] ; then\n    # print error to STDERR\n    echo \"error: The sandbox is not in sync with the Podfile.lock. Run 'pod install' or update your CocoaPods installation.\" >&2\n    exit 1\nfi\n# This output is used by Xcode 'outputs' to avoid re-running this script phase.\necho \"SUCCESS\" > \"${SCRIPT_OUTPUT_FILE_0}\"\n";
			showEnvVarsInLog = 0;
		};
		FD969EF9D642D7D9A42149A8 /* [CP] Check Pods Manifest.lock */ = {
			isa = PBXShellScriptBuildPhase;
			buildActionMask = 2147483647;
			files = (
			);
			inputFileListPaths = (
			);
			inputPaths = (
				"${PODS_PODFILE_DIR_PATH}/Podfile.lock",
				"${PODS_ROOT}/Manifest.lock",
			);
			name = "[CP] Check Pods Manifest.lock";
			outputFileListPaths = (
			);
			outputPaths = (
				"$(DERIVED_FILE_DIR)/Pods-IdentifyIOS_Example-checkManifestLockResult.txt",
			);
			runOnlyForDeploymentPostprocessing = 0;
			shellPath = /bin/sh;
			shellScript = "diff \"${PODS_PODFILE_DIR_PATH}/Podfile.lock\" \"${PODS_ROOT}/Manifest.lock\" > /dev/null\nif [ $? != 0 ] ; then\n    # print error to STDERR\n    echo \"error: The sandbox is not in sync with the Podfile.lock. Run 'pod install' or update your CocoaPods installation.\" >&2\n    exit 1\nfi\n# This output is used by Xcode 'outputs' to avoid re-running this script phase.\necho \"SUCCESS\" > \"${SCRIPT_OUTPUT_FILE_0}\"\n";
			showEnvVarsInLog = 0;
		};
/* End PBXShellScriptBuildPhase section */

/* Begin PBXSourcesBuildPhase section */
		607FACCC1AFB9204008FA782 /* Sources */ = {
			isa = PBXSourcesBuildPhase;
			buildActionMask = 2147483647;
			files = (
				4867114E266FABF500743FAD /* CallScreenViewController.swift in Sources */,
				48671161266FABF500743FAD /* SDKLoginViewController.swift in Sources */,
				48671165266FABF500743FAD /* SDKPopUpActionViewController.swift in Sources */,
				4867116B266FABF500743FAD /* Design.swift in Sources */,
				4867115F266FABF500743FAD /* SDKCallWaitScreenController.swift in Sources */,
				48FF1A132678FBB8003F7851 /* HumanVerificationViewController.swift in Sources */,
				4867116C266FABF500743FAD /* SDKSelfieViewController.swift in Sources */,
				48671156266FABF500743FAD /* VisionViewController.swift in Sources */,
				48671159266FABF500743FAD /* SDKMrzViewController.swift in Sources */,
				48671155266FABF500743FAD /* PreviewView.swift in Sources */,
				48671154266FABF500743FAD /* SmsScreenViewController.swift in Sources */,
				48671163266FABF500743FAD /* SDKOnBoardingDetailViewController.swift in Sources */,
				4867115A266FABF500743FAD /* SmileViewController.swift in Sources */,
				4867115C266FABF500743FAD /* SDKNfcViewController.swift in Sources */,
				4867114D266FABF500743FAD /* SDKModulesListViewController.swift in Sources */,
				607FACD81AFB9204008FA782 /* ViewController.swift in Sources */,
				4867116A266FABF500743FAD /* SDKSoundRecognitionViewController.swift in Sources */,
				48671167266FABF500743FAD /* SDKOnBoardingViewController.swift in Sources */,
				48671157266FABF500743FAD /* StringUtils.swift in Sources */,
				48BEF2942670FDBB00822E5A /* SDKPermissionsViewController.swift in Sources */,
				48671151266FABF500743FAD /* SDKSignatureViewController.swift in Sources */,
				607FACD61AFB9204008FA782 /* AppDelegate.swift in Sources */,
				4867115E266FABF500743FAD /* UserDefaults.swift in Sources */,
				48671168266FABF500743FAD /* SDKBaseViewController.swift in Sources */,
				48671153266FABF500743FAD /* OneTimeExt.swift in Sources */,
				48FF1A122678FBB8003F7851 /* UIUtilities.swift in Sources */,
			);
			runOnlyForDeploymentPostprocessing = 0;
		};
		607FACE11AFB9204008FA782 /* Sources */ = {
			isa = PBXSourcesBuildPhase;
			buildActionMask = 2147483647;
			files = (
				607FACEC1AFB9204008FA782 /* Tests.swift in Sources */,
			);
			runOnlyForDeploymentPostprocessing = 0;
		};
/* End PBXSourcesBuildPhase section */

/* Begin PBXTargetDependency section */
		607FACE71AFB9204008FA782 /* PBXTargetDependency */ = {
			isa = PBXTargetDependency;
			target = 607FACCF1AFB9204008FA782 /* IdentifyIOS_Example */;
			targetProxy = 607FACE61AFB9204008FA782 /* PBXContainerItemProxy */;
		};
/* End PBXTargetDependency section */

/* Begin PBXVariantGroup section */
		607FACD91AFB9204008FA782 /* Main.storyboard */ = {
			isa = PBXVariantGroup;
			children = (
				607FACDA1AFB9204008FA782 /* Base */,
			);
			name = Main.storyboard;
			sourceTree = "<group>";
		};
		607FACDE1AFB9204008FA782 /* LaunchScreen.xib */ = {
			isa = PBXVariantGroup;
			children = (
				607FACDF1AFB9204008FA782 /* Base */,
			);
			name = LaunchScreen.xib;
			sourceTree = "<group>";
		};
/* End PBXVariantGroup section */

/* Begin XCBuildConfiguration section */
		607FACED1AFB9204008FA782 /* Debug */ = {
			isa = XCBuildConfiguration;
			buildSettings = {
				ALWAYS_SEARCH_USER_PATHS = NO;
				CLANG_CXX_LANGUAGE_STANDARD = "gnu++0x";
				CLANG_CXX_LIBRARY = "libc++";
				CLANG_ENABLE_MODULES = YES;
				CLANG_ENABLE_OBJC_ARC = YES;
				CLANG_WARN_BLOCK_CAPTURE_AUTORELEASING = YES;
				CLANG_WARN_BOOL_CONVERSION = YES;
				CLANG_WARN_COMMA = YES;
				CLANG_WARN_CONSTANT_CONVERSION = YES;
				CLANG_WARN_DIRECT_OBJC_ISA_USAGE = YES_ERROR;
				CLANG_WARN_EMPTY_BODY = YES;
				CLANG_WARN_ENUM_CONVERSION = YES;
				CLANG_WARN_INFINITE_RECURSION = YES;
				CLANG_WARN_INT_CONVERSION = YES;
				CLANG_WARN_NON_LITERAL_NULL_CONVERSION = YES;
				CLANG_WARN_OBJC_LITERAL_CONVERSION = YES;
				CLANG_WARN_OBJC_ROOT_CLASS = YES_ERROR;
				CLANG_WARN_RANGE_LOOP_ANALYSIS = YES;
				CLANG_WARN_STRICT_PROTOTYPES = YES;
				CLANG_WARN_SUSPICIOUS_MOVE = YES;
				CLANG_WARN_UNREACHABLE_CODE = YES;
				CLANG_WARN__DUPLICATE_METHOD_MATCH = YES;
				"CODE_SIGN_IDENTITY[sdk=iphoneos*]" = "iPhone Developer";
				COPY_PHASE_STRIP = NO;
				DEBUG_INFORMATION_FORMAT = "dwarf-with-dsym";
				ENABLE_STRICT_OBJC_MSGSEND = YES;
				ENABLE_TESTABILITY = YES;
				GCC_C_LANGUAGE_STANDARD = gnu99;
				GCC_DYNAMIC_NO_PIC = NO;
				GCC_NO_COMMON_BLOCKS = YES;
				GCC_OPTIMIZATION_LEVEL = 0;
				GCC_PREPROCESSOR_DEFINITIONS = (
					"DEBUG=1",
					"$(inherited)",
				);
				GCC_SYMBOLS_PRIVATE_EXTERN = NO;
				GCC_WARN_64_TO_32_BIT_CONVERSION = YES;
				GCC_WARN_ABOUT_RETURN_TYPE = YES_ERROR;
				GCC_WARN_UNDECLARED_SELECTOR = YES;
				GCC_WARN_UNINITIALIZED_AUTOS = YES_AGGRESSIVE;
				GCC_WARN_UNUSED_FUNCTION = YES;
				GCC_WARN_UNUSED_VARIABLE = YES;
				IPHONEOS_DEPLOYMENT_TARGET = 12.1;
				MTL_ENABLE_DEBUG_INFO = YES;
				ONLY_ACTIVE_ARCH = YES;
				SDKROOT = iphoneos;
				SWIFT_OPTIMIZATION_LEVEL = "-Onone";
			};
			name = Debug;
		};
		607FACEE1AFB9204008FA782 /* Release */ = {
			isa = XCBuildConfiguration;
			buildSettings = {
				ALWAYS_SEARCH_USER_PATHS = NO;
				CLANG_CXX_LANGUAGE_STANDARD = "gnu++0x";
				CLANG_CXX_LIBRARY = "libc++";
				CLANG_ENABLE_MODULES = YES;
				CLANG_ENABLE_OBJC_ARC = YES;
				CLANG_WARN_BLOCK_CAPTURE_AUTORELEASING = YES;
				CLANG_WARN_BOOL_CONVERSION = YES;
				CLANG_WARN_COMMA = YES;
				CLANG_WARN_CONSTANT_CONVERSION = YES;
				CLANG_WARN_DIRECT_OBJC_ISA_USAGE = YES_ERROR;
				CLANG_WARN_EMPTY_BODY = YES;
				CLANG_WARN_ENUM_CONVERSION = YES;
				CLANG_WARN_INFINITE_RECURSION = YES;
				CLANG_WARN_INT_CONVERSION = YES;
				CLANG_WARN_NON_LITERAL_NULL_CONVERSION = YES;
				CLANG_WARN_OBJC_LITERAL_CONVERSION = YES;
				CLANG_WARN_OBJC_ROOT_CLASS = YES_ERROR;
				CLANG_WARN_RANGE_LOOP_ANALYSIS = YES;
				CLANG_WARN_STRICT_PROTOTYPES = YES;
				CLANG_WARN_SUSPICIOUS_MOVE = YES;
				CLANG_WARN_UNREACHABLE_CODE = YES;
				CLANG_WARN__DUPLICATE_METHOD_MATCH = YES;
				"CODE_SIGN_IDENTITY[sdk=iphoneos*]" = "iPhone Developer";
				COPY_PHASE_STRIP = NO;
				DEBUG_INFORMATION_FORMAT = "dwarf-with-dsym";
				ENABLE_NS_ASSERTIONS = NO;
				ENABLE_STRICT_OBJC_MSGSEND = YES;
				GCC_C_LANGUAGE_STANDARD = gnu99;
				GCC_NO_COMMON_BLOCKS = YES;
				GCC_WARN_64_TO_32_BIT_CONVERSION = YES;
				GCC_WARN_ABOUT_RETURN_TYPE = YES_ERROR;
				GCC_WARN_UNDECLARED_SELECTOR = YES;
				GCC_WARN_UNINITIALIZED_AUTOS = YES_AGGRESSIVE;
				GCC_WARN_UNUSED_FUNCTION = YES;
				GCC_WARN_UNUSED_VARIABLE = YES;
				IPHONEOS_DEPLOYMENT_TARGET = 12.1;
				MTL_ENABLE_DEBUG_INFO = NO;
				SDKROOT = iphoneos;
				SWIFT_OPTIMIZATION_LEVEL = "-Owholemodule";
				VALIDATE_PRODUCT = YES;
			};
			name = Release;
		};
		607FACF01AFB9204008FA782 /* Debug */ = {
			isa = XCBuildConfiguration;
			baseConfigurationReference = 07CD712F76A7D9969C967BF2 /* Pods-IdentifyIOS_Example.debug.xcconfig */;
			buildSettings = {
				ASSETCATALOG_COMPILER_APPICON_NAME = AppIcon;
				CODE_SIGN_ENTITLEMENTS = IdentifyIOS_Example.entitlements;
				DEVELOPMENT_TEAM = TQUQ2HQ482;
				INFOPLIST_FILE = IdentifyIOS/Info.plist;
				IPHONEOS_DEPLOYMENT_TARGET = 12.1;
				LD_RUNPATH_SEARCH_PATHS = "$(inherited) @executable_path/Frameworks";
				MODULE_NAME = ExampleApp;
				PRODUCT_BUNDLE_IDENTIFIER = "org.cocoapods.demo.$(PRODUCT_NAME:rfc1034identifier)";
				PRODUCT_NAME = "$(TARGET_NAME)";
				SWIFT_SWIFT3_OBJC_INFERENCE = Default;
				SWIFT_VERSION = 5.0;
			};
			name = Debug;
		};
		607FACF11AFB9204008FA782 /* Release */ = {
			isa = XCBuildConfiguration;
			baseConfigurationReference = C1DCD41F10D439961FFCC5A8 /* Pods-IdentifyIOS_Example.release.xcconfig */;
			buildSettings = {
				ASSETCATALOG_COMPILER_APPICON_NAME = AppIcon;
				CODE_SIGN_ENTITLEMENTS = IdentifyIOS_Example.entitlements;
				DEVELOPMENT_TEAM = TQUQ2HQ482;
				INFOPLIST_FILE = IdentifyIOS/Info.plist;
				IPHONEOS_DEPLOYMENT_TARGET = 12.1;
				LD_RUNPATH_SEARCH_PATHS = "$(inherited) @executable_path/Frameworks";
				MODULE_NAME = ExampleApp;
				PRODUCT_BUNDLE_IDENTIFIER = "org.cocoapods.demo.$(PRODUCT_NAME:rfc1034identifier)";
				PRODUCT_NAME = "$(TARGET_NAME)";
				SWIFT_SWIFT3_OBJC_INFERENCE = Default;
				SWIFT_VERSION = 5.0;
			};
			name = Release;
		};
		607FACF31AFB9204008FA782 /* Debug */ = {
			isa = XCBuildConfiguration;
			baseConfigurationReference = 7DEED7152956480D5849A3E1 /* Pods-IdentifyIOS_Tests.debug.xcconfig */;
			buildSettings = {
				DEVELOPMENT_TEAM = TQUQ2HQ482;
				FRAMEWORK_SEARCH_PATHS = (
					"$(PLATFORM_DIR)/Developer/Library/Frameworks",
					"$(inherited)",
				);
				GCC_PREPROCESSOR_DEFINITIONS = (
					"DEBUG=1",
					"$(inherited)",
				);
				INFOPLIST_FILE = Tests/Info.plist;
				LD_RUNPATH_SEARCH_PATHS = "$(inherited) @executable_path/Frameworks @loader_path/Frameworks";
				PRODUCT_BUNDLE_IDENTIFIER = "org.cocoapods.$(PRODUCT_NAME:rfc1034identifier)";
				PRODUCT_NAME = "$(TARGET_NAME)";
				SWIFT_SWIFT3_OBJC_INFERENCE = Default;
				SWIFT_VERSION = 4.0;
				TEST_HOST = "$(BUILT_PRODUCTS_DIR)/IdentifyIOS_Example.app/IdentifyIOS_Example";
			};
			name = Debug;
		};
		607FACF41AFB9204008FA782 /* Release */ = {
			isa = XCBuildConfiguration;
			baseConfigurationReference = 38BE7C41026499EB70D7E712 /* Pods-IdentifyIOS_Tests.release.xcconfig */;
			buildSettings = {
				DEVELOPMENT_TEAM = TQUQ2HQ482;
				FRAMEWORK_SEARCH_PATHS = (
					"$(PLATFORM_DIR)/Developer/Library/Frameworks",
					"$(inherited)",
				);
				INFOPLIST_FILE = Tests/Info.plist;
				LD_RUNPATH_SEARCH_PATHS = "$(inherited) @executable_path/Frameworks @loader_path/Frameworks";
				PRODUCT_BUNDLE_IDENTIFIER = "org.cocoapods.$(PRODUCT_NAME:rfc1034identifier)";
				PRODUCT_NAME = "$(TARGET_NAME)";
				SWIFT_SWIFT3_OBJC_INFERENCE = Default;
				SWIFT_VERSION = 4.0;
				TEST_HOST = "$(BUILT_PRODUCTS_DIR)/IdentifyIOS_Example.app/IdentifyIOS_Example";
			};
			name = Release;
		};
/* End XCBuildConfiguration section */

/* Begin XCConfigurationList section */
		607FACCB1AFB9204008FA782 /* Build configuration list for PBXProject "IdentifyIOS" */ = {
			isa = XCConfigurationList;
			buildConfigurations = (
				607FACED1AFB9204008FA782 /* Debug */,
				607FACEE1AFB9204008FA782 /* Release */,
			);
			defaultConfigurationIsVisible = 0;
			defaultConfigurationName = Release;
		};
		607FACEF1AFB9204008FA782 /* Build configuration list for PBXNativeTarget "IdentifyIOS_Example" */ = {
			isa = XCConfigurationList;
			buildConfigurations = (
				607FACF01AFB9204008FA782 /* Debug */,
				607FACF11AFB9204008FA782 /* Release */,
			);
			defaultConfigurationIsVisible = 0;
			defaultConfigurationName = Release;
		};
		607FACF21AFB9204008FA782 /* Build configuration list for PBXNativeTarget "IdentifyIOS_Tests" */ = {
			isa = XCConfigurationList;
			buildConfigurations = (
				607FACF31AFB9204008FA782 /* Debug */,
				607FACF41AFB9204008FA782 /* Release */,
			);
			defaultConfigurationIsVisible = 0;
			defaultConfigurationName = Release;
		};
/* End XCConfigurationList section */
	};
	rootObject = 607FACC81AFB9204008FA782 /* Project object */;
}
